
Microsoft Visual Studio Solution File, Format Version 12.00
# Visual Studio Version 17
VisualStudioVersion = 17.9.34728.123
MinimumVisualStudioVersion = 10.0.40219.1
Project("{9A19103F-16F7-4668-BE54-9A1E7A4F7556}") = "Domain", "Domain\Domain.csproj", "{E9A24E3A-AEAE-42A8-930E-4C255D12B361}"
EndProject
Project("{9A19103F-16F7-4668-BE54-9A1E7A4F7556}") = "DataAccess", "DataAccess\DataAccess.csproj", "{E72F1F6B-E2D5-4745-9793-6A87CB45B914}"
EndProject
Project("{FAE04EC0-301F-11D3-BF4B-00C04F79EFBC}") = "API", "API\API.csproj", "{342607BE-1EBE-492E-926D-A99BEE71CFF4}"
EndProject
Project("{FAE04EC0-301F-11D3-BF4B-00C04F79EFBC}") = "Implementation", "Implementation\Implementation.csproj", "{B763DDAA-9974-4587-AB06-3B0BFCE2C3A1}"
EndProject
Project("{FAE04EC0-301F-11D3-BF4B-00C04F79EFBC}") = "Application", "Application\Application.csproj", "{1187CA96-EB25-4B5C-8DEE-A69DC49468A7}"
EndProject
Global
	GlobalSection(SolutionConfigurationPlatforms) = preSolution
		Debug|Any CPU = Debug|Any CPU
		Release|Any CPU = Release|Any CPU
	EndGlobalSection
	GlobalSection(ProjectConfigurationPlatforms) = postSolution
		{E9A24E3A-AEAE-42A8-930E-4C255D12B361}.Debug|Any CPU.ActiveCfg = Debug|Any CPU
		{E9A24E3A-AEAE-42A8-930E-4C255D12B361}.Debug|Any CPU.Build.0 = Debug|Any CPU
		{E9A24E3A-AEAE-42A8-930E-4C255D12B361}.Release|Any CPU.ActiveCfg = Release|Any CPU
		{E9A24E3A-AEAE-42A8-930E-4C255D12B361}.Release|Any CPU.Build.0 = Release|Any CPU
		{E72F1F6B-E2D5-4745-9793-6A87CB45B914}.Debug|Any CPU.ActiveCfg = Debug|Any CPU
		{E72F1F6B-E2D5-4745-9793-6A87CB45B914}.Debug|Any CPU.Build.0 = Debug|Any CPU
		{E72F1F6B-E2D5-4745-9793-6A87CB45B914}.Release|Any CPU.ActiveCfg = Release|Any CPU
		{E72F1F6B-E2D5-4745-9793-6A87CB45B914}.Release|Any CPU.Build.0 = Release|Any CPU
		{342607BE-1EBE-492E-926D-A99BEE71CFF4}.Debug|Any CPU.ActiveCfg = Debug|Any CPU
		{342607BE-1EBE-492E-926D-A99BEE71CFF4}.Debug|Any CPU.Build.0 = Debug|Any CPU
		{342607BE-1EBE-492E-926D-A99BEE71CFF4}.Release|Any CPU.ActiveCfg = Release|Any CPU
		{342607BE-1EBE-492E-926D-A99BEE71CFF4}.Release|Any CPU.Build.0 = Release|Any CPU
		{B763DDAA-9974-4587-AB06-3B0BFCE2C3A1}.Debug|Any CPU.ActiveCfg = Debug|Any CPU
		{B763DDAA-9974-4587-AB06-3B0BFCE2C3A1}.Debug|Any CPU.Build.0 = Debug|Any CPU
		{B763DDAA-9974-4587-AB06-3B0BFCE2C3A1}.Release|Any CPU.ActiveCfg = Release|Any CPU
		{B763DDAA-9974-4587-AB06-3B0BFCE2C3A1}.Release|Any CPU.Build.0 = Release|Any CPU
		{1187CA96-EB25-4B5C-8DEE-A69DC49468A7}.Debug|Any CPU.ActiveCfg = Debug|Any CPU
		{1187CA96-EB25-4B5C-8DEE-A69DC49468A7}.Debug|Any CPU.Build.0 = Debug|Any CPU
		{1187CA96-EB25-4B5C-8DEE-A69DC49468A7}.Release|Any CPU.ActiveCfg = Release|Any CPU
		{1187CA96-EB25-4B5C-8DEE-A69DC49468A7}.Release|Any CPU.Build.0 = Release|Any CPU
	EndGlobalSection
	GlobalSection(SolutionProperties) = preSolution
		HideSolutionNode = FALSE
	EndGlobalSection
	GlobalSection(ExtensibilityGlobals) = postSolution
		SolutionGuid = {BBBF00E6-E84A-4E57-899A-78CA6D5D981C}
	EndGlobalSection
EndGlobal
